
Microsoft Visual Studio Solution File, Format Version 12.00
# Visual Studio Version 16
VisualStudioVersion = 16.0.32413.511
MinimumVisualStudioVersion = 10.0.40219.1
Project("{8BC9CEB8-8B4A-11D0-8D11-00A0C91BC942}") = "OOP_Project", "OOP_Project.vcxproj", "{9BDF405E-B042-4D73-8DB4-A7241B8B54EB}"
EndProject
Global
	GlobalSection(SolutionConfigurationPlatforms) = preSolution
		Debug|x64 = Debug|x64
		Debug|x86 = Debug|x86
		Release|x64 = Release|x64
		Release|x86 = Release|x86
	EndGlobalSection
	GlobalSection(ProjectConfigurationPlatforms) = postSolution
		{9BDF405E-B042-4D73-8DB4-A7241B8B54EB}.Debug|x64.ActiveCfg = Debug|x64
		{9BDF405E-B042-4D73-8DB4-A7241B8B54EB}.Debug|x64.Build.0 = Debug|x64
		{9BDF405E-B042-4D73-8DB4-A7241B8B54EB}.Debug|x86.ActiveCfg = Debug|Win32
		{9BDF405E-B042-4D73-8DB4-A7241B8B54EB}.Debug|x86.Build.0 = Debug|Win32
		{9BDF405E-B042-4D73-8DB4-A7241B8B54EB}.Release|x64.ActiveCfg = Release|x64
		{9BDF405E-B042-4D73-8DB4-A7241B8B54EB}.Release|x64.Build.0 = Release|x64
		{9BDF405E-B042-4D73-8DB4-A7241B8B54EB}.Release|x86.ActiveCfg = Release|Win32
		{9BDF405E-B042-4D73-8DB4-A7241B8B54EB}.Release|x86.Build.0 = Release|Win32
	EndGlobalSection
	GlobalSection(SolutionProperties) = preSolution
		HideSolutionNode = FALSE
	EndGlobalSection
	GlobalSection(ExtensibilityGlobals) = postSolution
		SolutionGuid = {C2950D14-629B-4F7D-A0E3-C079B49278F4}
	EndGlobalSection
EndGlobal
